// !$*UTF8*$!
{
	archiveVersion = 1;
	classes = {};
	objectVersion = 77;
	objects = {

/* Begin PBXBuildFile section */
		C0000000000000000000000E /* HalfmoonTokens in Frameworks */ = {isa = PBXBuildFile; productRef = H00000000000000000000002 /* HalfmoonTokens */; };
		C00000000000000000000020 /* CellularChatCore in Frameworks */ = {isa = PBXBuildFile; productRef = H00000000000000000000004 /* CellularChatCore */; };
/* End PBXBuildFile section */

/* Begin PBXContainerItemProxy section */
		D00000000000000000000001 /* PBXContainerItemProxy */ = {
			isa = PBXContainerItemProxy;
			containerPortal = A00000000000000000000001 /* Project object */;
			proxyType = 1;
			remoteGlobalIDString = A00000000000000000000002;
			remoteInfo = CellularChat;
		};
/* End PBXContainerItemProxy section */

/* Begin PBXFileReference section */
		B00000000000000000000010 /* CellularChat.app */ = {isa = PBXFileReference; explicitFileType = wrapper.application; includeInIndex = 0; path = CellularChat.app; sourceTree = BUILT_PRODUCTS_DIR; };
		B00000000000000000000011 /* CellularChatTests.xctest */ = {isa = PBXFileReference; explicitFileType = wrapper.cfbundle; includeInIndex = 0; path = CellularChatTests.xctest; sourceTree = BUILT_PRODUCTS_DIR; };
/* End PBXFileReference section */

/* Begin PBXFileSystemSynchronizedRootGroup section */
		A00000000000000000000005 /* CellularChat */ = {
			isa = PBXFileSystemSynchronizedRootGroup;
			exceptions = (
				FE0000000000000000000001 /* Exceptions for "CellularChat" folder in "CellularChat" target */,
			);
			path = CellularChat;
			sourceTree = "<group>";
		};
		A00000000000000000000009 /* CellularChatTests */ = {
			isa = PBXFileSystemSynchronizedRootGroup;
			path = CellularChatTests;
			sourceTree = "<group>";
		};
/* End PBXFileSystemSynchronizedRootGroup section */

/* Begin PBXFileSystemSynchronizedBuildFileExceptionSet section */
		FE0000000000000000000001 /* Exceptions for "CellularChat" folder in "CellularChat" target */ = {
			isa = PBXFileSystemSynchronizedBuildFileExceptionSet;
			membershipExceptions = (
				Info.plist,
				CellularChat.entitlements,
			);
			target = A00000000000000000000002 /* CellularChat */;
		};
/* End PBXFileSystemSynchronizedBuildFileExceptionSet section */

/* Begin PBXFrameworksBuildPhase section */
		E00000000000000000000001 /* Frameworks */ = {
			isa = PBXFrameworksBuildPhase;
			buildActionMask = 2147483647;
			files = (
				C0000000000000000000000E /* HalfmoonTokens in Frameworks */,
				C00000000000000000000020 /* CellularChatCore in Frameworks */,
			);
			runOnlyForDeploymentPostprocessing = 0;
		};
		E00000000000000000000002 /* Frameworks */ = {isa = PBXFrameworksBuildPhase; buildActionMask = 2147483647; files = (); runOnlyForDeploymentPostprocessing = 0; };
/* End PBXFrameworksBuildPhase section */

/* Begin PBXGroup section */
		A00000000000000000000004 = {
			isa = PBXGroup;
			children = (
				A00000000000000000000005 /* CellularChat */,
				A00000000000000000000009 /* CellularChatTests */,
				A0000000000000000000000A /* Products */,
			);
			sourceTree = "<group>";
		};
		A0000000000000000000000A /* Products */ = {
			isa = PBXGroup;
			children = (
				B00000000000000000000010 /* CellularChat.app */,
				B00000000000000000000011 /* CellularChatTests.xctest */,
			);
			name = Products;
			sourceTree = "<group>";
		};
/* End PBXGroup section */

/* Begin PBXNativeTarget section */
		A00000000000000000000002 /* CellularChat */ = {
			isa = PBXNativeTarget;
			buildConfigurationList = F00000000000000000000002 /* Build configuration list for PBXNativeTarget "CellularChat" */;
			buildPhases = (
				E00000000000000000000003 /* Sources */,
				E00000000000000000000001 /* Frameworks */,
				E00000000000000000000005 /* Resources */,
			);
			buildRules = ();
			dependencies = ();
			fileSystemSynchronizedGroups = (
				A00000000000000000000005 /* CellularChat */,
			);
			name = CellularChat;
			packageProductDependencies = (
				H00000000000000000000002 /* HalfmoonTokens */,
				H00000000000000000000004 /* CellularChatCore */,
			);
			productName = CellularChat;
			productReference = B00000000000000000000010 /* CellularChat.app */;
			productType = "com.apple.product-type.application";
		};
		A00000000000000000000003 /* CellularChatTests */ = {
			isa = PBXNativeTarget;
			buildConfigurationList = F00000000000000000000003 /* Build configuration list for PBXNativeTarget "CellularChatTests" */;
			buildPhases = (
				E00000000000000000000004 /* Sources */,
				E00000000000000000000002 /* Frameworks */,
				E00000000000000000000006 /* Resources */,
			);
			buildRules = ();
			dependencies = (D00000000000000000000002 /* PBXTargetDependency */,);
			fileSystemSynchronizedGroups = (
				A00000000000000000000009 /* CellularChatTests */,
			);
			name = CellularChatTests;
			productName = CellularChatTests;
			productReference = B00000000000000000000011 /* CellularChatTests.xctest */;
			productType = "com.apple.product-type.bundle.unit-test";
		};
/* End PBXNativeTarget section */

/* Begin PBXProject section */
		A00000000000000000000001 /* Project object */ = {
			isa = PBXProject;
			attributes = {
				BuildIndependentTargetsInParallel = 1;
				LastSwiftUpdateCheck = 2620;
				LastUpgradeCheck = 2620;
				TargetAttributes = {
					A00000000000000000000002 = {CreatedOnToolsVersion = 26.2; };
					A00000000000000000000003 = {CreatedOnToolsVersion = 26.2; TestTargetID = A00000000000000000000002; };
				};
			};
			buildConfigurationList = F00000000000000000000001 /* Build configuration list for PBXProject "CellularChat" */;
			compatibilityVersion = "Xcode 16.0";
			developmentRegion = en;
			hasScannedForEncodings = 0;
			knownRegions = (en, Base);
			mainGroup = A00000000000000000000004;
			packageReferences = (
				H00000000000000000000001 /* XCRemoteSwiftPackageReference "halfmoon-design" */,
				H00000000000000000000003 /* XCLocalSwiftPackageReference "CellularChatCore" */,
			);
			productRefGroup = A0000000000000000000000A /* Products */;
			projectDirPath = "";
			projectRoot = "";
			targets = (A00000000000000000000002 /* CellularChat */, A00000000000000000000003 /* CellularChatTests */,);
		};
/* End PBXProject section */

/* Begin PBXResourcesBuildPhase section */
		E00000000000000000000005 /* Resources */ = {isa = PBXResourcesBuildPhase; buildActionMask = 2147483647; files = (); runOnlyForDeploymentPostprocessing = 0; };
		E00000000000000000000006 /* Resources */ = {isa = PBXResourcesBuildPhase; buildActionMask = 2147483647; files = (); runOnlyForDeploymentPostprocessing = 0; };
/* End PBXResourcesBuildPhase section */

/* Begin PBXSourcesBuildPhase section */
		E00000000000000000000003 /* Sources */ = {isa = PBXSourcesBuildPhase; buildActionMask = 2147483647; files = (); runOnlyForDeploymentPostprocessing = 0; };
		E00000000000000000000004 /* Sources */ = {isa = PBXSourcesBuildPhase; buildActionMask = 2147483647; files = (); runOnlyForDeploymentPostprocessing = 0; };
/* End PBXSourcesBuildPhase section */

/* Begin PBXTargetDependency section */
		D00000000000000000000002 /* PBXTargetDependency */ = {isa = PBXTargetDependency; target = A00000000000000000000002 /* CellularChat */; targetProxy = D00000000000000000000001 /* PBXContainerItemProxy */; };
/* End PBXTargetDependency section */

/* Begin XCBuildConfiguration section */
		F00000000000000000000004 /* Debug */ = {isa = XCBuildConfiguration; buildSettings = {CLANG_ENABLE_MODULES = YES; CLANG_ENABLE_OBJC_ARC = YES; COPY_PHASE_STRIP = NO; DEBUG_INFORMATION_FORMAT = dwarf; ENABLE_TESTABILITY = YES; GCC_C_LANGUAGE_STANDARD = gnu17; GCC_OPTIMIZATION_LEVEL = 0; IPHONEOS_DEPLOYMENT_TARGET = 26.0; MTL_ENABLE_DEBUG_INFO = INCLUDE_SOURCE; ONLY_ACTIVE_ARCH = YES; SDKROOT = iphoneos; SWIFT_ACTIVE_COMPILATION_CONDITIONS = DEBUG; SWIFT_OPTIMIZATION_LEVEL = "-Onone"; }; name = Debug; };
		F00000000000000000000005 /* Release */ = {isa = XCBuildConfiguration; buildSettings = {CLANG_ENABLE_MODULES = YES; CLANG_ENABLE_OBJC_ARC = YES; COPY_PHASE_STRIP = NO; DEBUG_INFORMATION_FORMAT = "dwarf-with-dsym"; ENABLE_NS_ASSERTIONS = NO; GCC_C_LANGUAGE_STANDARD = gnu17; IPHONEOS_DEPLOYMENT_TARGET = 26.0; MTL_ENABLE_DEBUG_INFO = NO; SDKROOT = iphoneos; SWIFT_COMPILATION_MODE = wholemodule; SWIFT_OPTIMIZATION_LEVEL = "-O"; VALIDATE_PRODUCT = YES; }; name = Release; };
		F00000000000000000000006 /* Debug */ = {isa = XCBuildConfiguration; buildSettings = {ASSETCATALOG_COMPILER_APPICON_NAME = AppIcon; CODE_SIGN_ENTITLEMENTS = CellularChat/CellularChat.entitlements; CODE_SIGN_STYLE = Automatic; CURRENT_PROJECT_VERSION = 1; DEVELOPMENT_TEAM = Q27VK9D5N7; ENABLE_PREVIEWS = YES; GENERATE_INFOPLIST_FILE = NO; INFOPLIST_FILE = CellularChat/Info.plist; IPHONEOS_DEPLOYMENT_TARGET = 26.0; LD_RUNPATH_SEARCH_PATHS = "$(inherited) @executable_path/Frameworks"; MARKETING_VERSION = 0.0.1; PRODUCT_BUNDLE_IDENTIFIER = com.cellularchat.app; PRODUCT_NAME = "$(TARGET_NAME)"; SUPPORTED_PLATFORMS = "iphoneos iphonesimulator"; SUPPORTS_MACCATALYST = NO; SWIFT_VERSION = 5.0; TARGETED_DEVICE_FAMILY = 1; }; name = Debug; };
		F00000000000000000000007 /* Release */ = {isa = XCBuildConfiguration; buildSettings = {ASSETCATALOG_COMPILER_APPICON_NAME = AppIcon; CODE_SIGN_ENTITLEMENTS = CellularChat/CellularChat.entitlements; CODE_SIGN_STYLE = Automatic; CURRENT_PROJECT_VERSION = 1; DEVELOPMENT_TEAM = Q27VK9D5N7; GENERATE_INFOPLIST_FILE = NO; INFOPLIST_FILE = CellularChat/Info.plist; IPHONEOS_DEPLOYMENT_TARGET = 26.0; LD_RUNPATH_SEARCH_PATHS = "$(inherited) @executable_path/Frameworks"; MARKETING_VERSION = 0.0.1; PRODUCT_BUNDLE_IDENTIFIER = com.cellularchat.app; PRODUCT_NAME = "$(TARGET_NAME)"; SUPPORTED_PLATFORMS = "iphoneos iphonesimulator"; SUPPORTS_MACCATALYST = NO; SWIFT_VERSION = 5.0; TARGETED_DEVICE_FAMILY = 1; }; name = Release; };
		F00000000000000000000008 /* Debug */ = {isa = XCBuildConfiguration; buildSettings = {BUNDLE_LOADER = "$(TEST_HOST)"; CODE_SIGN_STYLE = Automatic; GENERATE_INFOPLIST_FILE = YES; IPHONEOS_DEPLOYMENT_TARGET = 26.0; LD_RUNPATH_SEARCH_PATHS = "$(inherited) @executable_path/Frameworks @loader_path/Frameworks"; PRODUCT_BUNDLE_IDENTIFIER = com.example.CellularChatTests; PRODUCT_NAME = "$(TARGET_NAME)"; SWIFT_VERSION = 5.0; TARGETED_DEVICE_FAMILY = 1; TEST_HOST = "$(BUILT_PRODUCTS_DIR)/CellularChat.app/$(BUNDLE_EXECUTABLE_FOLDER_PATH)/CellularChat"; }; name = Debug; };
		F00000000000000000000009 /* Release */ = {isa = XCBuildConfiguration; buildSettings = {BUNDLE_LOADER = "$(TEST_HOST)"; CODE_SIGN_STYLE = Automatic; GENERATE_INFOPLIST_FILE = YES; IPHONEOS_DEPLOYMENT_TARGET = 26.0; LD_RUNPATH_SEARCH_PATHS = "$(inherited) @executable_path/Frameworks @loader_path/Frameworks"; PRODUCT_BUNDLE_IDENTIFIER = com.example.CellularChatTests; PRODUCT_NAME = "$(TARGET_NAME)"; SWIFT_VERSION = 5.0; TARGETED_DEVICE_FAMILY = 1; TEST_HOST = "$(BUILT_PRODUCTS_DIR)/CellularChat.app/$(BUNDLE_EXECUTABLE_FOLDER_PATH)/CellularChat"; }; name = Release; };
/* End XCBuildConfiguration section */

/* Begin XCConfigurationList section */
		F00000000000000000000001 /* Build configuration list for PBXProject "CellularChat" */ = {isa = XCConfigurationList; buildConfigurations = (F00000000000000000000004 /* Debug */, F00000000000000000000005 /* Release */,); defaultConfigurationIsVisible = 0; defaultConfigurationName = Release; };
		F00000000000000000000002 /* Build configuration list for PBXNativeTarget "CellularChat" */ = {isa = XCConfigurationList; buildConfigurations = (F00000000000000000000006 /* Debug */, F00000000000000000000007 /* Release */,); defaultConfigurationIsVisible = 0; defaultConfigurationName = Release; };
		F00000000000000000000003 /* Build configuration list for PBXNativeTarget "CellularChatTests" */ = {isa = XCConfigurationList; buildConfigurations = (F00000000000000000000008 /* Debug */, F00000000000000000000009 /* Release */,); defaultConfigurationIsVisible = 0; defaultConfigurationName = Release; };
/* End XCConfigurationList section */

/* Begin XCLocalSwiftPackageReference section */
		H00000000000000000000003 /* XCLocalSwiftPackageReference "CellularChatCore" */ = {
			isa = XCLocalSwiftPackageReference;
			relativePath = CellularChatCore;
		};
/* End XCLocalSwiftPackageReference section */

/* Begin XCRemoteSwiftPackageReference section */
		H00000000000000000000001 /* XCRemoteSwiftPackageReference "halfmoon-design" */ = {
			isa = XCRemoteSwiftPackageReference;
			repositoryURL = "https://github.com/halfmoon-project/halfmoon-design.git";
			requirement = {
				kind = upToNextMajorVersion;
				minimumVersion = 0.4.0;
			};
		};
/* End XCRemoteSwiftPackageReference section */

/* Begin XCSwiftPackageProductDependency section */
		H00000000000000000000002 /* HalfmoonTokens */ = {
			isa = XCSwiftPackageProductDependency;
			package = H00000000000000000000001 /* XCRemoteSwiftPackageReference "halfmoon-design" */;
			productName = HalfmoonTokens;
		};
		H00000000000000000000004 /* CellularChatCore */ = {
			isa = XCSwiftPackageProductDependency;
			package = H00000000000000000000003 /* XCLocalSwiftPackageReference "CellularChatCore" */;
			productName = CellularChatCore;
		};
/* End XCSwiftPackageProductDependency section */
	};
	rootObject = A00000000000000000000001 /* Project object */;
}
